
Microsoft Visual Studio Solution File, Format Version 12.00
# Visual Studio Version 16
VisualStudioVersion = 16.0.31205.134
MinimumVisualStudioVersion = 10.0.40219.1
Project("{FAE04EC0-301F-11D3-BF4B-00C04F79EFBC}") = "ColmanWebProject", "ColmanWebProject\ColmanWebProject.csproj", "{73641401-9407-4454-A5E0-9313A339CF7A}"
EndProject
Global
	GlobalSection(SolutionConfigurationPlatforms) = preSolution
		Debug|Any CPU = Debug|Any CPU
		Release|Any CPU = Release|Any CPU
	EndGlobalSection
	GlobalSection(ProjectConfigurationPlatforms) = postSolution
		{73641401-9407-4454-A5E0-9313A339CF7A}.Debug|Any CPU.ActiveCfg = Debug|Any CPU
		{73641401-9407-4454-A5E0-9313A339CF7A}.Debug|Any CPU.Build.0 = Debug|Any CPU
		{73641401-9407-4454-A5E0-9313A339CF7A}.Release|Any CPU.ActiveCfg = Release|Any CPU
		{73641401-9407-4454-A5E0-9313A339CF7A}.Release|Any CPU.Build.0 = Release|Any CPU
	EndGlobalSection
	GlobalSection(SolutionProperties) = preSolution
		HideSolutionNode = FALSE
	EndGlobalSection
	GlobalSection(ExtensibilityGlobals) = postSolution
		SolutionGuid = {DFBB0CDA-8A29-40E4-B2EB-8C1EFB7034FE}
	EndGlobalSection
EndGlobal
